
Microsoft Visual Studio Solution File, Format Version 12.00
# Visual Studio Version 16
VisualStudioVersion = 16.0.30002.166
MinimumVisualStudioVersion = 10.0.40219.1
Project("{FAE04EC0-301F-11D3-BF4B-00C04F79EFBC}") = "SalesWebMvc", "SalesWebMvc\SalesWebMvc.csproj", "{EB1F3582-FC70-4921-B833-B6C64CF143D5}"
EndProject
Global
	GlobalSection(SolutionConfigurationPlatforms) = preSolution
		Debug|Any CPU = Debug|Any CPU
		Release|Any CPU = Release|Any CPU
	EndGlobalSection
	GlobalSection(ProjectConfigurationPlatforms) = postSolution
		{EB1F3582-FC70-4921-B833-B6C64CF143D5}.Debug|Any CPU.ActiveCfg = Debug|Any CPU
		{EB1F3582-FC70-4921-B833-B6C64CF143D5}.Debug|Any CPU.Build.0 = Debug|Any CPU
		{EB1F3582-FC70-4921-B833-B6C64CF143D5}.Release|Any CPU.ActiveCfg = Release|Any CPU
		{EB1F3582-FC70-4921-B833-B6C64CF143D5}.Release|Any CPU.Build.0 = Release|Any CPU
	EndGlobalSection
	GlobalSection(SolutionProperties) = preSolution
		HideSolutionNode = FALSE
	EndGlobalSection
	GlobalSection(ExtensibilityGlobals) = postSolution
		SolutionGuid = {FEC7B810-2DC6-4B16-894F-9C2FDEF09CF9}
	EndGlobalSection
EndGlobal
